# This file is automatically @generated by Cargo.
# It is not intended for manual editing.
version = 4

[[package]]
name = "allocator-api2"
version = "0.2.21"
source = "registry+https://github.com/rust-lang/crates.io-index"
checksum = "683d7910e743518b0e34f1186f92494becacb047c7b6bf616c96772180fef923"

[[package]]
name = "anstream"
version = "1.0.0"
source = "registry+https://github.com/rust-lang/crates.io-index"
checksum = "824a212faf96e9acacdbd09febd34438f8f711fb84e09a8916013cd7815ca28d"
dependencies = [
 "anstyle",
 "anstyle-parse",
 "anstyle-query",
 "anstyle-wincon",
 "colorchoice",
 "is_terminal_polyfill",
 "utf8parse",
]

[[package]]
name = "anstyle"
version = "1.0.14"
source = "registry+https://github.com/rust-lang/crates.io-index"
checksum = "940b3a0ca603d1eade50a4846a2afffd5ef57a9feac2c0e2ec2e14f9ead76000"

[[package]]
name = "anstyle-parse"
version = "1.0.0"
source = "registry+https://github.com/rust-lang/crates.io-index"
checksum = "52ce7f38b242319f7cabaa6813055467063ecdc9d355bbb4ce0c68908cd8130e"
dependencies = [
 "utf8parse",
]

[[package]]
name = "anstyle-query"
version = "1.1.5"
source = "registry+https://github.com/rust-lang/crates.io-index"
checksum = "40c48f72fd53cd289104fc64099abca73db4166ad86ea0b4341abe65af83dadc"
dependencies = [
 "windows-sys",
]

[[package]]
name = "anstyle-wincon"
version = "3.0.11"
source = "registry+https://github.com/rust-lang/crates.io-index"
checksum = "291e6a250ff86cd4a820112fb8898808a366d8f9f58ce16d1f538353ad55747d"
dependencies = [
 "anstyle",
 "once_cell_polyfill",
 "windows-sys",
]

[[package]]
name = "anyhow"
version = "1.0.104"
source = "registry+https://github.com/rust-lang/crates.io-index"
checksum = "330a5ed07fa54e4702c9d6c4174f74427fc0ef6e214bbd677ae50a5099946470"

[[package]]
name = "arc-swap"
version = "1.9.2"
source = "registry+https://github.com/rust-lang/crates.io-index"
checksum = "c049c0be4daef0b145cb3555416b3b8ef5b7888a38aea1a3a155801fe7b0810b"
dependencies = [
 "rustversion",
]

[[package]]
name = "bisync"
version = "0.3.0"
source = "registry+https://github.com/rust-lang/crates.io-index"
checksum = "5020822f6d6f23196ccaf55e228db36f9de1cf788052b37992e17cbc96ec41a7"
dependencies = [
 "bisync_macros",
]

[[package]]
name = "bisync_macros"
version = "0.2.3"
source = "registry+https://github.com/rust-lang/crates.io-index"
checksum = "d21f40d350a700f6aa107e45fb26448cf489d34794b2ba4522181dc9f1173af6"

[[package]]
name = "bitflags"
version = "1.3.2"
source = "registry+https://github.com/rust-lang/crates.io-index"
checksum = "bef38d45163c2f1dde094a7dfd33ccf595c92905c8f8f4fdc18d06fb1037718a"

[[package]]
name = "bitflags"
version = "2.13.1"
source = "registry+https://github.com/rust-lang/crates.io-index"
checksum = "b588b76d00fde79687d7646a9b5bdf3cc0f655e0bbd080335a95d7e96f3587da"

[[package]]
name = "block-buffer"
version = "0.10.4"
source = "registry+https://github.com/rust-lang/crates.io-index"
checksum = "3078c7629b62d3f0439517fa394996acacc5cbc91c5a20d8c658e77abd503a71"
dependencies = [
 "generic-array",
]

[[package]]
name = "bstr"
version = "1.13.1"
source = "registry+https://github.com/rust-lang/crates.io-index"
checksum = "6bb31b46c14244e20ee9984b11bf5c992b91fb6939fea616e3512c8baecdbe5f"
dependencies = [
 "memchr",
 "regex-automata",
 "serde_core",
]

[[package]]
name = "byteorder"
version = "1.5.0"
source = "registry+https://github.com/rust-lang/crates.io-index"
checksum = "1fd0f2584146f6f2ef48085050886acf353beff7305ebd1ae69500e27c67f64b"

[[package]]
name = "bytes"
version = "1.12.1"
source = "registry+https://github.com/rust-lang/crates.io-index"
checksum = "fc652a48c352aef3ea3aed32080501cf3ef6ed5da78602a020c991775b0aff04"

[[package]]
name = "cfg-if"
version = "1.0.4"
source = "registry+https://github.com/rust-lang/crates.io-index"
checksum = "9330f8b2ff13f34540b44e946ef35111825727b38d33286ef986142615121801"

[[package]]
name = "clap"
version = "4.6.5"
source = "registry+https://github.com/rust-lang/crates.io-index"
checksum = "301b56658598e48f3648647ac6fc887be7e7108eddfa4e9b63fcf3ec58c0cadf"
dependencies = [
 "clap_builder",
 "clap_derive",
]

[[package]]
name = "clap_builder"
version = "4.6.5"
source = "registry+https://github.com/rust-lang/crates.io-index"
checksum = "94a65403d1a1bd28f7dc68eb8506e8874808ee5eecb59298de588e2e1407a078"
dependencies = [
 "anstream",
 "anstyle",
 "clap_lex",
 "strsim",
]

[[package]]
name = "clap_derive"
version = "4.6.4"
source = "registry+https://github.com/rust-lang/crates.io-index"
checksum = "d012d2b9d65aca7f18f4d9878a045bc17899bba951561ba5ec3c2ba1eed9a061"
dependencies = [
 "heck",
 "proc-macro2",
 "quote",
 "syn 3.0.3",
]

[[package]]
name = "clap_lex"
version = "1.1.0"
source = "registry+https://github.com/rust-lang/crates.io-index"
checksum = "c8d4a3bb8b1e0c1050499d1815f5ab16d04f0959b233085fb31653fbfc9d98f9"

[[package]]
name = "clru"
version = "0.6.3"
source = "registry+https://github.com/rust-lang/crates.io-index"
checksum = "197fd99cb113a8d5d9b6376f3aa817f32c1078f2343b714fff7d2ca44fdf67d5"
dependencies = [
 "hashbrown 0.16.1",
]

[[package]]
name = "colorchoice"
version = "1.0.5"
source = "registry+https://github.com/rust-lang/crates.io-index"
checksum = "1d07550c9036bf2ae0c684c4297d503f838287c83c53686d05370d0e139ae570"

[[package]]
name = "cpufeatures"
version = "0.2.17"
source = "registry+https://github.com/rust-lang/crates.io-index"
checksum = "59ed5838eebb26a2bb2e58f6d5b5316989ae9d08bab10e0e6d103e656d1b0280"
dependencies = [
 "libc",
]

[[package]]
name = "crc32fast"
version = "1.5.0"
source = "registry+https://github.com/rust-lang/crates.io-index"
checksum = "9481c1c90cbf2ac953f07c8d4a58aa3945c425b7185c9154d67a65e4230da511"
dependencies = [
 "cfg-if",
]

[[package]]
name = "crossbeam-channel"
version = "0.5.16"
source = "registry+https://github.com/rust-lang/crates.io-index"
checksum = "d85363c37faeca707aef026efa9f3b34d077bce547e48f770770625c6013679e"
dependencies = [
 "crossbeam-utils",
]

[[package]]
name = "crossbeam-utils"
version = "0.8.22"
source = "registry+https://github.com/rust-lang/crates.io-index"
checksum = "61803da095bee82a81bb1a452ecc25d3b2f1416d1897eb86430c6159ef717c17"

[[package]]
name = "crypto-common"
version = "0.1.7"
source = "registry+https://github.com/rust-lang/crates.io-index"
checksum = "78c8292055d1c1df0cce5d180393dc8cce0abec0a7102adb6c7b1eef6016d60a"
dependencies = [
 "generic-array",
 "typenum",
]

[[package]]
name = "dashmap"
version = "6.2.1"
source = "registry+https://github.com/rust-lang/crates.io-index"
checksum = "e6361d5c062261c78a176addb82d4c821ae42bed6089de0e12603cd25de2059c"
dependencies = [
 "cfg-if",
 "crossbeam-utils",
 "hashbrown 0.14.5",
 "lock_api",
 "once_cell",
 "parking_lot_core",
]

[[package]]
name = "defmt"
version = "1.1.1"
source = "registry+https://github.com/rust-lang/crates.io-index"
checksum = "e2953bfe4f93bbd20cc71198842756f77d161884c99ebbabc41d80231ded88d1"
dependencies = [
 "bitflags 1.3.2",
 "defmt-macros",
]

[[package]]
name = "defmt-macros"
version = "1.1.1"
source = "registry+https://github.com/rust-lang/crates.io-index"
checksum = "bad9c72e7ca2137e0dc3813245a0d282fd6daad32fd800af018306a9169b5fe8"
dependencies = [
 "defmt-parser",
 "proc-macro2",
 "quote",
 "syn 2.0.119",
]

[[package]]
name = "defmt-parser"
version = "1.0.0"
source = "registry+https://github.com/rust-lang/crates.io-index"
checksum = "10d60334b3b2e7c9d91ef8150abfb6fa4c1c39ebbcf4a81c2e346aad939fee3e"
dependencies = [
 "thiserror",
]

[[package]]
name = "digest"
version = "0.10.7"
source = "registry+https://github.com/rust-lang/crates.io-index"
checksum = "9ed9a281f7bc9b7576e61468ba615a66a5c8cfdff42420a70aa82701a3b1e292"
dependencies = [
 "block-buffer",
 "crypto-common",
]

[[package]]
name = "dunce"
version = "1.0.5"
source = "registry+https://github.com/rust-lang/crates.io-index"
checksum = "92773504d58c093f6de2459af4af33faa518c13451eb8f2b5698ed3d36e7c813"

[[package]]
name = "encoding_rs"
version = "0.8.35"
source = "registry+https://github.com/rust-lang/crates.io-index"
checksum = "75030f3c4f45dafd7586dd6780965a8c7e8e285a5ecb86713e63a79c5b2766f3"
dependencies = [
 "cfg-if",
]

[[package]]
name = "equivalent"
version = "1.0.2"
source = "registry+https://github.com/rust-lang/crates.io-index"
checksum = "877a4ace8713b0bcf2a4e7eec82529c029f1d0619886d18145fea96c3ffe5c0f"

[[package]]
name = "errno"
version = "0.3.14"
source = "registry+https://github.com/rust-lang/crates.io-index"
checksum = "39cab71617ae0d63f51a36d69f866391735b51691dbda63cf6f96d042b63efeb"
dependencies = [
 "libc",
 "windows-sys",
]

[[package]]
name = "faster-hex"
version = "0.10.0"
source = "registry+https://github.com/rust-lang/crates.io-index"
checksum = "7223ae2d2f179b803433d9c830478527e92b8117eab39460edae7f1614d9fb73"
dependencies = [
 "heapless",
 "serde",
]

[[package]]
name = "fastrand"
version = "2.5.0"
source = "registry+https://github.com/rust-lang/crates.io-index"
checksum = "da7c62ceae207dd37ea5b845da6a0696c799f85e97da1ab5b7910be3c1c80223"

[[package]]
name = "filetime"
version = "0.2.29"
source = "registry+https://github.com/rust-lang/crates.io-index"
checksum = "5c287a33c7f0a620c38e641e7f60827713987b3c0f26e8ddc9462cc69cf75759"
dependencies = [
 "cfg-if",
 "libc",
]

[[package]]
name = "fnv"
version = "1.0.7"
source = "registry+https://github.com/rust-lang/crates.io-index"
checksum = "3f9eec918d3f24069decb9af1554cad7c880e2da24a9afd88aca000531ab82c1"

[[package]]
name = "foldhash"
version = "0.2.0"
source = "registry+https://github.com/rust-lang/crates.io-index"
checksum = "77ce24cb58228fbb8aa041425bb1050850ac19177686ea6e0f41a70416f56fdb"

[[package]]
name = "generic-array"
version = "0.14.7"
source = "registry+https://github.com/rust-lang/crates.io-index"
checksum = "85649ca51fd72272d7821adaf274ad91c288277713d9c18820d8499a7ff69e9a"
dependencies = [
 "typenum",
 "version_check",
]

[[package]]
name = "getrandom"
version = "0.4.3"
source = "registry+https://github.com/rust-lang/crates.io-index"
checksum = "300e883d756b2e4ec94e02791f39b04b522276138852cfc41d9fb7e904106099"
dependencies = [
 "cfg-if",
 "libc",
 "r-efi",
]

[[package]]
name = "git-tree-pretty"
version = "0.1.0"
dependencies = [
 "anyhow",
 "clap",
 "gix",
 "libc",
]

[[package]]
name = "gix"
version = "0.86.0"
source = "registry+https://github.com/rust-lang/crates.io-index"
checksum = "bb3790fd8981cba7949f1ba924ef865d902df731627bc5998d14164063892fce"
dependencies = [
 "gix-actor",
 "gix-attributes",
 "gix-command",
 "gix-commitgraph",
 "gix-config",
 "gix-date",
 "gix-diff",
 "gix-dir",
 "gix-discover",
 "gix-error",
 "gix-features",
 "gix-filter",
 "gix-fs",
 "gix-glob",
 "gix-hash",
 "gix-hashtable",
 "gix-ignore",
 "gix-index",
 "gix-lock",
 "gix-object",
 "gix-odb",
 "gix-pack",
 "gix-path",
 "gix-pathspec",
 "gix-protocol",
 "gix-ref",
 "gix-refspec",
 "gix-revision",
 "gix-revwalk",
 "gix-sec",
 "gix-shallow",
 "gix-status",
 "gix-submodule",
 "gix-tempfile",
 "gix-trace",
 "gix-traverse",
 "gix-url",
 "gix-utils",
 "gix-validate",
 "gix-worktree",
 "gix-worktree-stream",
 "gix-zlib",
 "nonempty",
 "smallvec",
 "thiserror",
]

[[package]]
name = "gix-actor"
version = "0.41.2"
source = "registry+https://github.com/rust-lang/crates.io-index"
checksum = "33f9308ad6fd35b2a865cbe4117ac61b2be59e4a9ef1621c7a9794f7c8e52c5b"
dependencies = [
 "bstr",
 "gix-date",
 "gix-error",
]

[[package]]
name = "gix-attributes"
version = "0.34.0"
source = "registry+https://github.com/rust-lang/crates.io-index"
checksum = "c31c593692ebdc1e38858d9a2b56f6a594c501e24a38971fe6685571f5a07be0"
dependencies = [
 "bstr",
 "gix-features",
 "gix-glob",
 "gix-path",
 "gix-quote",
 "gix-trace",
 "smallvec",
 "thiserror",
 "unicode-bom",
]

[[package]]
name = "gix-bitmap"
version = "0.3.3"
source = "registry+https://github.com/rust-lang/crates.io-index"
checksum = "7cd1d118d0f5d88b96e6f6e13b566475fef4797ead4a02c26fed36c1375066f7"
dependencies = [
 "gix-error",
]

[[package]]
name = "gix-chunk"
version = "0.7.3"
source = "registry+https://github.com/rust-lang/crates.io-index"
checksum = "b2a871e5cab12ba568845714473505deefffb3c04eb47f4708ce344cd459c1cc"
dependencies = [
 "gix-error",
]

[[package]]
name = "gix-command"
version = "0.9.2"
source = "registry+https://github.com/rust-lang/crates.io-index"
checksum = "cf4363accdf6ef7ba861871d2d521ab7418a04aaaed919fadb022af71d379b12"
dependencies = [
 "bstr",
 "gix-path",
 "gix-quote",
 "gix-trace",
 "shell-words",
]

[[package]]
name = "gix-commitgraph"
version = "0.38.0"
source = "registry+https://github.com/rust-lang/crates.io-index"
checksum = "a2cd7f054ae2727223fe46dd39c012f066b12f532962d336d29ee193261787da"
dependencies = [
 "bstr",
 "gix-chunk",
 "gix-error",
 "gix-hash",
 "memmap2",
 "nonempty",
]

[[package]]
name = "gix-config"
version = "0.59.0"
source = "registry+https://github.com/rust-lang/crates.io-index"
checksum = "103d11bef95c467577ecfa8b7b86a22e65af3507b2c9bfa3809a4afbae7df301"
dependencies = [
 "bstr",
 "gix-config-value",
 "gix-features",
 "gix-glob",
 "gix-path",
 "gix-ref",
 "gix-sec",
 "gix-utils",
 "smallvec",
 "thiserror",
 "unicode-bom",
]

[[package]]
name = "gix-config-value"
version = "0.19.1"
source = "registry+https://github.com/rust-lang/crates.io-index"
checksum = "6f6af5321bfd3711a279d6b244d58532ba1cfabf9eb6374791f19929d8970082"
dependencies = [
 "bitflags 2.13.1",
 "bstr",
 "gix-path",
 "libc",
 "thiserror",
]

[[package]]
name = "gix-date"
version = "0.15.6"
source = "registry+https://github.com/rust-lang/crates.io-index"
checksum = "7e47b9e8cdc688296609b706428de570f88b1e0eed7156dde7b4a89d26fa4567"
dependencies = [
 "bstr",
 "gix-error",
 "itoa",
 "jiff",
]

[[package]]
name = "gix-diff"
version = "0.66.0"
source = "registry+https://github.com/rust-lang/crates.io-index"
checksum = "fee7d89a3c507491cdfc57a1d1e0e300214720b4f7709ebc253e422f99822bfc"
dependencies = [
 "bstr",
 "gix-attributes",
 "gix-command",
 "gix-filter",
 "gix-fs",
 "gix-hash",
 "gix-imara-diff",
 "gix-index",
 "gix-object",
 "gix-path",
 "gix-pathspec",
 "gix-tempfile",
 "gix-trace",
 "gix-traverse",
 "gix-worktree",
 "thiserror",
]

[[package]]
name = "gix-dir"
version = "0.28.0"
source = "registry+https://github.com/rust-lang/crates.io-index"
checksum = "f24bc78f283946ac64757c8a61ffa71f0230aa1e8d98cbb0771db479871dd5b6"
dependencies = [
 "bstr",
 "gix-discover",
 "gix-fs",
 "gix-ignore",
 "gix-index",
 "gix-object",
 "gix-path",
 "gix-pathspec",
 "gix-trace",
 "gix-utils",
 "gix-worktree",
 "thiserror",
]

[[package]]
name = "gix-discover"
version = "0.54.0"
source = "registry+https://github.com/rust-lang/crates.io-index"
checksum = "b9f517766fa1101dfe2606c1a19a8ffa699099030995a9194445446dfe261bdf"
dependencies = [
 "bstr",
 "dunce",
 "gix-fs",
 "gix-path",
 "gix-ref",
 "gix-sec",
 "thiserror",
]

[[package]]
name = "gix-error"
version = "0.2.5"
source = "registry+https://github.com/rust-lang/crates.io-index"
checksum = "4a9292309fd944e71b2a3c96d3c03a6feb8852db646febdde7cbb9f79cb5f329"
dependencies = [
 "bstr",
]

[[package]]
name = "gix-features"
version = "0.49.1"
source = "registry+https://github.com/rust-lang/crates.io-index"
checksum = "39c0e59d9d253dcccc38c3a46b91bfb9b46bd63eed54fe1a719e12194884d52a"
dependencies = [
 "bytes",
 "crc32fast",
 "crossbeam-channel",
 "gix-path",
 "gix-trace",
 "gix-utils",
 "libc",
 "once_cell",
 "parking_lot",
 "prodash",
 "walkdir",
]

[[package]]
name = "gix-filter"
version = "0.33.0"
source = "registry+https://github.com/rust-lang/crates.io-index"
checksum = "5e7b5dbf524d97e839f642930c76d7f011c0791e7d11d8148989ac5af7c76aa8"
dependencies = [
 "bstr",
 "encoding_rs",
 "gix-attributes",
 "gix-command",
 "gix-hash",
 "gix-object",
 "gix-packetline",
 "gix-path",
 "gix-quote",
 "gix-trace",
 "gix-utils",
 "smallvec",
 "thiserror",
]

[[package]]
name = "gix-fs"
version = "0.22.1"
source = "registry+https://github.com/rust-lang/crates.io-index"
checksum = "ebcfa9fd253f25350a3b21b3dd74034a446098e373c6123d4cee3519894f12ef"
dependencies = [
 "bstr",
 "gix-features",
 "gix-path",
 "gix-utils",
 "thiserror",
]

[[package]]
name = "gix-glob"
version = "0.27.1"
source = "registry+https://github.com/rust-lang/crates.io-index"
checksum = "b417cf515fd8c91468b578071f76d6cba716f8a1eccd853906bff4908b2c1413"
dependencies = [
 "bitflags 2.13.1",
 "bstr",
 "gix-features",
 "gix-path",
]

[[package]]
name = "gix-hash"
version = "0.26.2"
source = "registry+https://github.com/rust-lang/crates.io-index"
checksum = "380b9c423a54f0821064b954b5a5ab25c660812f6a91da03c3f1cb4b10762aa5"
dependencies = [
 "faster-hex",
 "gix-features",
 "sha1-checked",
 "thiserror",
]

[[package]]
name = "gix-hashtable"
version = "0.16.0"
source = "registry+https://github.com/rust-lang/crates.io-index"
checksum = "78fccd6fea3bcf0b39c076bae60ae49b08daaf538b950202101a981f9d3c01d3"
dependencies = [
 "gix-hash",
 "hashbrown 0.17.1",
 "parking_lot",
]

[[package]]
name = "gix-ignore"
version = "0.22.0"
source = "registry+https://github.com/rust-lang/crates.io-index"
checksum = "12cff8e8aa125e39377456073e63df3334d9e5741372ddcc226198015076dda2"
dependencies = [
 "bstr",
 "gix-glob",
 "gix-path",
 "gix-trace",
 "unicode-bom",
]

[[package]]
name = "gix-imara-diff"
version = "0.2.4"
source = "registry+https://github.com/rust-lang/crates.io-index"
checksum = "1a791e6620676a875f362f3156ed213e73ca099a09bf992c18812abe65cc37b1"
dependencies = [
 "bstr",
 "hashbrown 0.16.1",
]

[[package]]
name = "gix-index"
version = "0.54.0"
source = "registry+https://github.com/rust-lang/crates.io-index"
checksum = "5009c4e7e9f9b4cfaaab1153e49133eb04d79c015b5702d6c3d2ab94271a89c6"
dependencies = [
 "bitflags 2.13.1",
 "bstr",
 "filetime",
 "fnv",
 "gix-bitmap",
 "gix-features",
 "gix-fs",
 "gix-hash",
 "gix-lock",
 "gix-object",
 "gix-traverse",
 "gix-utils",
 "gix-validate",
 "hashbrown 0.17.1",
 "itoa",
 "libc",
 "memmap2",
 "rustix",
 "smallvec",
 "thiserror",
]

[[package]]
name = "gix-lock"
version = "24.0.0"
source = "registry+https://github.com/rust-lang/crates.io-index"
checksum = "d4c69157820343bf1c6e4b88b9808e920900de02e18aaf5862b30ada43814848"
dependencies = [
 "gix-tempfile",
 "gix-utils",
 "thiserror",
]

[[package]]
name = "gix-object"
version = "0.63.0"
source = "registry+https://github.com/rust-lang/crates.io-index"
checksum = "0e48c235e7f886eb819fc878af75be889333dd3c38bee02ed7af48ae2cf596c4"
dependencies = [
 "bstr",
 "gix-actor",
 "gix-date",
 "gix-features",
 "gix-hash",
 "gix-hashtable",
 "gix-utils",
 "gix-validate",
 "itoa",
 "smallvec",
 "thiserror",
]

[[package]]
name = "gix-odb"
version = "0.83.0"
source = "registry+https://github.com/rust-lang/crates.io-index"
checksum = "8dd494ffb5037e62b8220109e894d2861ff2150a2cacbfccdba57ae1ebab2b96"
dependencies = [
 "arc-swap",
 "gix-features",
 "gix-fs",
 "gix-hash",
 "gix-hashtable",
 "gix-object",
 "gix-pack",
 "gix-path",
 "gix-quote",
 "gix-zlib",
 "memmap2",
 "parking_lot",
 "tempfile",
 "thiserror",
]

[[package]]
name = "gix-pack"
version = "0.73.0"
source = "registry+https://github.com/rust-lang/crates.io-index"
checksum = "6d5446127b269706e85998065267ddd2ccc3550179da6780b22fe496175ccb20"
dependencies = [
 "clru",
 "gix-chunk",
 "gix-error",
 "gix-features",
 "gix-hash",
 "gix-hashtable",
 "gix-object",
 "gix-path",
 "gix-zlib",
 "memmap2",
 "smallvec",
 "thiserror",
]

[[package]]
name = "gix-packetline"
version = "0.22.1"
source = "registry+https://github.com/rust-lang/crates.io-index"
checksum = "862970b3fa1f7f13ce7010a43cb181ca99588ca4b245d69ab15270a59676a8d7"
dependencies = [
 "bstr",
 "faster-hex",
 "gix-trace",
 "thiserror",
]

[[package]]
name = "gix-path"
version = "0.12.5"
source = "registry+https://github.com/rust-lang/crates.io-index"
checksum = "2b075e730586bba7341304d6fc1b4efc1d10cf64532622521c0e07f30e661046"
dependencies = [
 "bstr",
 "gix-trace",
 "gix-validate",
 "thiserror",
]

[[package]]
name = "gix-pathspec"
version = "0.19.0"
source = "registry+https://github.com/rust-lang/crates.io-index"
checksum = "49f6fa5f8007f008187c3f60b4373209ca83d1cc947f35ede03e16cd15a4d137"
dependencies = [
 "bitflags 2.13.1",
 "bstr",
 "gix-attributes",
 "gix-config-value",
 "gix-glob",
 "gix-path",
 "thiserror",
]

[[package]]
name = "gix-protocol"
version = "0.64.0"
source = "registry+https://github.com/rust-lang/crates.io-index"
checksum = "dede40e89c1e90f548415f50636bb051f6d9c60f68b8b710bc07825722d19588"
dependencies = [
 "bisync",
 "bstr",
 "gix-date",
 "gix-features",
 "gix-hash",
 "gix-ref",
 "gix-shallow",
 "gix-transport",
 "gix-utils",
 "nonempty",
 "thiserror",
]

[[package]]
name = "gix-quote"
version = "0.7.2"
source = "registry+https://github.com/rust-lang/crates.io-index"
checksum = "a6e541fc33cc2b783b7979040d445a0c86a2eca747c8faea4ca84230d06ae6ef"
dependencies = [
 "bstr",
 "gix-error",
 "gix-utils",
]

[[package]]
name = "gix-ref"
version = "0.66.0"
source = "registry+https://github.com/rust-lang/crates.io-index"
checksum = "eeb0c90a8f6202ceaaa22996cbf837c943ccb2d8af9ff3490f0758305e6b7883"
dependencies = [
 "gix-actor",
 "gix-features",
 "gix-fs",
 "gix-hash",
 "gix-lock",
 "gix-object",
 "gix-path",
 "gix-tempfile",
 "gix-utils",
 "gix-validate",
 "memmap2",
 "thiserror",
]

[[package]]
name = "gix-refspec"
version = "0.44.0"
source = "registry+https://github.com/rust-lang/crates.io-index"
checksum = "7406282cc0259b51f6aee299ca3d31279a020530363152a2e6c96e8a7f7bbc83"
dependencies = [
 "bstr",
 "gix-error",
 "gix-glob",
 "gix-hash",
 "gix-revision",
 "gix-validate",
 "smallvec",
 "thiserror",
]

[[package]]
name = "gix-revision"
version = "0.48.0"
source = "registry+https://github.com/rust-lang/crates.io-index"
checksum = "e55e09d4a1ecf2beecc8c09cafcad37979e805b31f588b0e957e191df5783681"
dependencies = [
 "bitflags 2.13.1",
 "bstr",
 "gix-commitgraph",
 "gix-date",
 "gix-error",
 "gix-hash",
 "gix-hashtable",
 "gix-object",
 "gix-revwalk",
 "gix-trace",
 "nonempty",
]

[[package]]
name = "gix-revwalk"
version = "0.34.0"
source = "registry+https://github.com/rust-lang/crates.io-index"
checksum = "36c113c0a53294dc6280ffc06cbcc4f50f820397e97d6a00b429a44b8db26e29"
dependencies = [
 "gix-commitgraph",
 "gix-date",
 "gix-error",
 "gix-hash",
 "gix-hashtable",
 "gix-object",
 "smallvec",
 "thiserror",
]

[[package]]
name = "gix-sec"
version = "0.14.2"
source = "registry+https://github.com/rust-lang/crates.io-index"
checksum = "af4fe6c152c1d50aea36f299825702cd37e303307832fec1d0fdd5844e47ce2f"
dependencies = [
 "bitflags 2.13.1",
 "gix-path",
 "libc",
 "windows-sys",
]

[[package]]
name = "gix-shallow"
version = "0.13.0"
source = "registry+https://github.com/rust-lang/crates.io-index"
checksum = "1ecc9f4b40537043e4bbd7d3d1760e74fb8e7b07a546166b558acaa73ad97f4a"
dependencies = [
 "bstr",
 "gix-hash",
 "gix-lock",
 "nonempty",
 "thiserror",
]

[[package]]
name = "gix-status"
version = "0.33.0"
source = "registry+https://github.com/rust-lang/crates.io-index"
checksum = "5f83b1c74e69b90411fbfe89ccebc47aa49457ce4eb9b942b1311258fc863d22"
dependencies = [
 "bstr",
 "filetime",
 "gix-diff",
 "gix-dir",
 "gix-features",
 "gix-filter",
 "gix-fs",
 "gix-hash",
 "gix-index",
 "gix-object",
 "gix-path",
 "gix-pathspec",
 "gix-worktree",
 "hashbrown 0.16.1",
 "portable-atomic",
 "thiserror",
 "windows-sys",
]

[[package]]
name = "gix-submodule"
version = "0.33.0"
source = "registry+https://github.com/rust-lang/crates.io-index"
checksum = "5fd98077a56d08886112e6b08dc94076d03539f4bc0b9d7880e4be2b8a640d8c"
dependencies = [
 "bstr",
 "gix-config",
 "gix-path",
 "gix-pathspec",
 "gix-refspec",
 "gix-url",
 "thiserror",
]

[[package]]
name = "gix-tempfile"
version = "24.0.0"
source = "registry+https://github.com/rust-lang/crates.io-index"
checksum = "b675b920bd5a61d17ad542772f03ec34c60feb8ff683e1560c03ae967363731e"
dependencies = [
 "dashmap",
 "gix-fs",
 "libc",
 "parking_lot",
 "tempfile",
]

[[package]]
name = "gix-trace"
version = "0.1.21"
source = "registry+https://github.com/rust-lang/crates.io-index"
checksum = "be3eb81d9dc914335923e50d52829c551feefd6a72d176c4130c546b67a60814"

[[package]]
name = "gix-transport"
version = "0.58.1"
source = "registry+https://github.com/rust-lang/crates.io-index"
checksum = "3f36d045b840f8aeee1a527e677eab1fbebfbbe94bf2e708fa81d0b4b742d5fc"
dependencies = [
 "bstr",
 "gix-command",
 "gix-features",
 "gix-packetline",
 "gix-path",
 "gix-quote",
 "gix-sec",
 "gix-url",
 "thiserror",
]

[[package]]
name = "gix-traverse"
version = "0.60.0"
source = "registry+https://github.com/rust-lang/crates.io-index"
checksum = "008c5cd879e46e86b5c2469e633611978b18775d53d05668d691bc13088bd409"
dependencies = [
 "bitflags 2.13.1",
 "gix-commitgraph",
 "gix-date",
 "gix-hash",
 "gix-hashtable",
 "gix-object",
 "gix-revwalk",
 "smallvec",
 "thiserror",
]

[[package]]
name = "gix-url"
version = "0.37.1"
source = "registry+https://github.com/rust-lang/crates.io-index"
checksum = "31bdfc93aa880cda3272718a5879ce3aa7723fa13514320dd6608151607afe72"
dependencies = [
 "bstr",
 "gix-path",
 "gix-utils",
 "percent-encoding",
 "thiserror",
]

[[package]]
name = "gix-utils"
version = "0.3.6"
source = "registry+https://github.com/rust-lang/crates.io-index"
checksum = "0da1c46491b49458a446cc76f0085860f8164c2290742e0aa8c653ce67240a97"
dependencies = [
 "bstr",
 "fastrand",
 "getrandom",
 "unicode-normalization",
]

[[package]]
name = "gix-validate"
version = "0.11.4"
source = "registry+https://github.com/rust-lang/crates.io-index"
checksum = "4dae8780f63ed8a803b8bdabbd7aa5f5c5d74592c8b50eed875c1bb4f6545a6a"
dependencies = [
 "bstr",
]

[[package]]
name = "gix-worktree"
version = "0.55.0"
source = "registry+https://github.com/rust-lang/crates.io-index"
checksum = "31eb8e675122e83585e461fe28f68ff8c5ed55b49017b697e7e76423ff973424"
dependencies = [
 "bstr",
 "gix-attributes",
 "gix-fs",
 "gix-glob",
 "gix-hash",
 "gix-ignore",
 "gix-index",
 "gix-object",
 "gix-path",
 "gix-validate",
]

[[package]]
name = "gix-worktree-stream"
version = "0.35.0"
source = "registry+https://github.com/rust-lang/crates.io-index"
checksum = "3b088c8724e7be120c4798dd86925cf05332c9d356a463542578600c50c7a549"
dependencies = [
 "gix-attributes",
 "gix-error",
 "gix-features",
 "gix-filter",
 "gix-fs",
 "gix-hash",
 "gix-object",
 "gix-path",
 "gix-traverse",
 "parking_lot",
]

[[package]]
name = "gix-zlib"
version = "0.1.0"
source = "registry+https://github.com/rust-lang/crates.io-index"
checksum = "3e8813f5579b3075ff9c90f7c59cd2b62b4ebb639361f0911648b22d7446cc7c"
dependencies = [
 "thiserror",
 "zlib-rs",
]

[[package]]
name = "hash32"
version = "0.3.1"
source = "registry+https://github.com/rust-lang/crates.io-index"
checksum = "47d60b12902ba28e2730cd37e95b8c9223af2808df9e902d4df49588d1470606"
dependencies = [
 "byteorder",
]

[[package]]
name = "hashbrown"
version = "0.14.5"
source = "registry+https://github.com/rust-lang/crates.io-index"
checksum = "e5274423e17b7c9fc20b6e7e208532f9b19825d82dfd615708b70edd83df41f1"

[[package]]
name = "hashbrown"
version = "0.16.1"
source = "registry+https://github.com/rust-lang/crates.io-index"
checksum = "841d1cc9bed7f9236f321df977030373f4a4163ae1a7dbfe1a51a2c1a51d9100"
dependencies = [
 "allocator-api2",
 "equivalent",
 "foldhash",
]

[[package]]
name = "hashbrown"
version = "0.17.1"
source = "registry+https://github.com/rust-lang/crates.io-index"
checksum = "ed5909b6e89a2db4456e54cd5f673791d7eca6732202bbf2a9cc504fe2f9b84a"
dependencies = [
 "allocator-api2",
 "equivalent",
 "foldhash",
]

[[package]]
name = "heapless"
version = "0.8.0"
source = "registry+https://github.com/rust-lang/crates.io-index"
checksum = "0bfb9eb618601c89945a70e254898da93b13be0388091d42117462b265bb3fad"
dependencies = [
 "hash32",
 "stable_deref_trait",
]

[[package]]
name = "heck"
version = "0.5.0"
source = "registry+https://github.com/rust-lang/crates.io-index"
checksum = "2304e00983f87ffb38b55b444b5e3b60a884b5d30c0fca7d82fe33449bbe55ea"

[[package]]
name = "is_terminal_polyfill"
version = "1.70.2"
source = "registry+https://github.com/rust-lang/crates.io-index"
checksum = "a6cb138bb79a146c1bd460005623e142ef0181e3d0219cb493e02f7d08a35695"

[[package]]
name = "itoa"
version = "1.0.18"
source = "registry+https://github.com/rust-lang/crates.io-index"
checksum = "8f42a60cbdf9a97f5d2305f08a87dc4e09308d1276d28c869c684d7777685682"

[[package]]
name = "jiff"
version = "0.2.35"
source = "registry+https://github.com/rust-lang/crates.io-index"
checksum = "668b7183bd07af9a4885f5c35b0cc5c83c4607a913c16b7e17291832910d2dcc"
dependencies = [
 "defmt",
 "jiff-core",
 "jiff-static",
 "jiff-tzdb-platform",
 "log",
 "portable-atomic",
 "portable-atomic-util",
 "serde_core",
 "windows-link",
]

[[package]]
name = "jiff-core"
version = "0.1.0"
source = "registry+https://github.com/rust-lang/crates.io-index"
checksum = "7feca88439efe53da3754500c1851dedf3cb36c524dd5cf8225cc0794de95d09"
dependencies = [
 "defmt",
]

[[package]]
name = "jiff-static"
version = "0.2.35"
source = "registry+https://github.com/rust-lang/crates.io-index"
checksum = "3a69dcb3a21cfb32ce1cd056169337ca284af0766dd766e7878819b251a49204"
dependencies = [
 "jiff-core",
 "proc-macro2",
 "quote",
 "syn 2.0.119",
]

[[package]]
name = "jiff-tzdb"
version = "0.1.8"
source = "registry+https://github.com/rust-lang/crates.io-index"
checksum = "142bd39932ad231f10513df9ab62661fead8719872150b7ad02a2df79f4e141e"

[[package]]
name = "jiff-tzdb-platform"
version = "0.1.3"
source = "registry+https://github.com/rust-lang/crates.io-index"
checksum = "875a5a69ac2bab1a891711cf5eccbec1ce0341ea805560dcd90b7a2e925132e8"
dependencies = [
 "jiff-tzdb",
]

[[package]]
name = "libc"
version = "0.2.189"
source = "registry+https://github.com/rust-lang/crates.io-index"
checksum = "3eaf3ede3fee6db1a4c2ee091bf8a8b4dccdc6d17f656fb07896ee72867612f2"

[[package]]
name = "linux-raw-sys"
version = "0.12.1"
source = "registry+https://github.com/rust-lang/crates.io-index"
checksum = "32a66949e030da00e8c7d4434b251670a91556f4144941d37452769c25d58a53"

[[package]]
name = "lock_api"
version = "0.4.14"
source = "registry+https://github.com/rust-lang/crates.io-index"
checksum = "224399e74b87b5f3557511d98dff8b14089b3dadafcab6bb93eab67d3aace965"
dependencies = [
 "scopeguard",
]

[[package]]
name = "log"
version = "0.4.33"
source = "registry+https://github.com/rust-lang/crates.io-index"
checksum = "0ceec5bc11778974d1bcb055b18002eba7f4b3518b6a0081b3af5f21666da9ad"

[[package]]
name = "memchr"
version = "2.8.3"
source = "registry+https://github.com/rust-lang/crates.io-index"
checksum = "cf8baf1c55e62ffcace7a9f06f4bd9cd3f0c4beb022d3b367256b91b87513d98"

[[package]]
name = "memmap2"
version = "0.9.11"
source = "registry+https://github.com/rust-lang/crates.io-index"
checksum = "d1219ed1b7f229ee7104d281dd01d6802fe28bb6e95d292942c4daacdeb798c0"
dependencies = [
 "libc",
]

[[package]]
name = "nonempty"
version = "0.12.0"
source = "registry+https://github.com/rust-lang/crates.io-index"
checksum = "9737e026353e5cd0736f98eddae28665118eb6f6600902a7f50db585621fecb6"

[[package]]
name = "once_cell"
version = "1.21.4"
source = "registry+https://github.com/rust-lang/crates.io-index"
checksum = "9f7c3e4beb33f85d45ae3e3a1792185706c8e16d043238c593331cc7cd313b50"

[[package]]
name = "once_cell_polyfill"
version = "1.70.2"
source = "registry+https://github.com/rust-lang/crates.io-index"
checksum = "384b8ab6d37215f3c5301a95a4accb5d64aa607f1fcb26a11b5303878451b4fe"

[[package]]
name = "parking_lot"
version = "0.12.5"
source = "registry+https://github.com/rust-lang/crates.io-index"
checksum = "93857453250e3077bd71ff98b6a65ea6621a19bb0f559a85248955ac12c45a1a"
dependencies = [
 "lock_api",
 "parking_lot_core",
]

[[package]]
name = "parking_lot_core"
version = "0.9.12"
source = "registry+https://github.com/rust-lang/crates.io-index"
checksum = "2621685985a2ebf1c516881c026032ac7deafcda1a2c9b7850dc81e3dfcb64c1"
dependencies = [
 "cfg-if",
 "libc",
 "redox_syscall",
 "smallvec",
 "windows-link",
]

[[package]]
name = "percent-encoding"
version = "2.3.2"
source = "registry+https://github.com/rust-lang/crates.io-index"
checksum = "9b4f627cb1b25917193a259e49bdad08f671f8d9708acfd5fe0a8c1455d87220"

[[package]]
name = "portable-atomic"
version = "1.14.0"
source = "registry+https://github.com/rust-lang/crates.io-index"
checksum = "3d20d5497ef88037a52ff98267d066e7f11fcc5e99bbfbd58a42336193aacec3"

[[package]]
name = "portable-atomic-util"
version = "0.2.7"
source = "registry+https://github.com/rust-lang/crates.io-index"
checksum = "c2a106d1259c23fac8e543272398ae0e3c0b8d33c88ed73d0cc71b0f1d902618"
dependencies = [
 "portable-atomic",
]

[[package]]
name = "proc-macro2"
version = "1.0.107"
source = "registry+https://github.com/rust-lang/crates.io-index"
checksum = "985e7ec9bb745e6ce6535b544d84d6cd6f7ad8bd711c398938ae983b91a766d9"
dependencies = [
 "unicode-ident",
]

[[package]]
name = "prodash"
version = "31.0.0"
source = "registry+https://github.com/rust-lang/crates.io-index"
checksum = "962200e2d7d551451297d9fdce85138374019ada198e30ea9ede38034e27604c"
dependencies = [
 "parking_lot",
]

[[package]]
name = "quote"
version = "1.0.47"
source = "registry+https://github.com/rust-lang/crates.io-index"
checksum = "1fbf4db142a473a8d80c26bbf18454ed458bf8d26c8219c331daecfdbd079001"
dependencies = [
 "proc-macro2",
]

[[package]]
name = "r-efi"
version = "6.0.0"
source = "registry+https://github.com/rust-lang/crates.io-index"
checksum = "f8dcc9c7d52a811697d2151c701e0d08956f92b0e24136cf4cf27b57a6a0d9bf"

[[package]]
name = "redox_syscall"
version = "0.5.18"
source = "registry+https://github.com/rust-lang/crates.io-index"
checksum = "ed2bf2547551a7053d6fdfafda3f938979645c44812fbfcda098faae3f1a362d"
dependencies = [
 "bitflags 2.13.1",
]

[[package]]
name = "regex-automata"
version = "0.4.16"
source = "registry+https://github.com/rust-lang/crates.io-index"
checksum = "8fcfdb36bda0c880c5931cdc7a2bcdc8ba4556847b9d912bca70bc94708711ad"

[[package]]
name = "rustix"
version = "1.1.4"
source = "registry+https://github.com/rust-lang/crates.io-index"
checksum = "b6fe4565b9518b83ef4f91bb47ce29620ca828bd32cb7e408f0062e9930ba190"
dependencies = [
 "bitflags 2.13.1",
 "errno",
 "libc",
 "linux-raw-sys",
 "windows-sys",
]

[[package]]
name = "rustversion"
version = "1.0.23"
source = "registry+https://github.com/rust-lang/crates.io-index"
checksum = "cf54715a573b99ac80df0bc206da022bcd442c974952c7b9720069370852e21f"

[[package]]
name = "same-file"
version = "1.0.6"
source = "registry+https://github.com/rust-lang/crates.io-index"
checksum = "93fc1dc3aaa9bfed95e02e6eadabb4baf7e3078b0bd1b4d7b6b0b68378900502"
dependencies = [
 "winapi-util",
]

[[package]]
name = "scopeguard"
version = "1.2.0"
source = "registry+https://github.com/rust-lang/crates.io-index"
checksum = "94143f37725109f92c262ed2cf5e59bce7498c01bcc1502d7b9afe439a4e9f49"

[[package]]
name = "serde"
version = "1.0.229"
source = "registry+https://github.com/rust-lang/crates.io-index"
checksum = "4148590afebada386688f18773da617792bf2ef03ffc1e4cbd2b1d45b023e0ba"
dependencies = [
 "serde_core",
]

[[package]]
name = "serde_core"
version = "1.0.229"
source = "registry+https://github.com/rust-lang/crates.io-index"
checksum = "67dca2c9c51e58a4791a4b1ed58308b39c64224d349a935ab5039aa360942a48"
dependencies = [
 "serde_derive",
]

[[package]]
name = "serde_derive"
version = "1.0.229"
source = "registry+https://github.com/rust-lang/crates.io-index"
checksum = "e7a5d71263a5a7d47b41f6b3f06ba276f10cc18b0931f1799f710578e2309348"
dependencies = [
 "proc-macro2",
 "quote",
 "syn 3.0.3",
]

[[package]]
name = "sha1"
version = "0.10.7"
source = "registry+https://github.com/rust-lang/crates.io-index"
checksum = "a978451301f4db1d02937a4ab3ccce137717b81826e79b7d49ffe3244a13c3b8"
dependencies = [
 "cfg-if",
 "cpufeatures",
 "digest",
]

[[package]]
name = "sha1-checked"
version = "0.10.0"
source = "registry+https://github.com/rust-lang/crates.io-index"
checksum = "89f599ac0c323ebb1c6082821a54962b839832b03984598375bff3975b804423"
dependencies = [
 "digest",
 "sha1",
]

[[package]]
name = "shell-words"
version = "1.1.1"
source = "registry+https://github.com/rust-lang/crates.io-index"
checksum = "dc6fe69c597f9c37bfeeeeeb33da3530379845f10be461a66d16d03eca2ded77"

[[package]]
name = "smallvec"
version = "1.15.2"
source = "registry+https://github.com/rust-lang/crates.io-index"
checksum = "8ed6a63f02c8539c91a8685a86f4099661ba3da017932f6ebbea6de3f0fa7c90"

[[package]]
name = "stable_deref_trait"
version = "1.2.1"
source = "registry+https://github.com/rust-lang/crates.io-index"
checksum = "6ce2be8dc25455e1f91df71bfa12ad37d7af1092ae736f3a6cd0e37bc7810596"

[[package]]
name = "strsim"
version = "0.11.1"
source = "registry+https://github.com/rust-lang/crates.io-index"
checksum = "7da8b5736845d9f2fcb837ea5d9e2628564b3b043a70948a3f0b778838c5fb4f"

[[package]]
name = "syn"
version = "2.0.119"
source = "registry+https://github.com/rust-lang/crates.io-index"
checksum = "872831b642d1a07999a962a351ed35b955ea2cfc8f3862091e2a240a84f17297"
dependencies = [
 "proc-macro2",
 "quote",
 "unicode-ident",
]

[[package]]
name = "syn"
version = "3.0.3"
source = "registry+https://github.com/rust-lang/crates.io-index"
checksum = "53e9bae58849f64dfa4f5d5ae372c8341f7305f82a3868709269343628b659a3"
dependencies = [
 "proc-macro2",
 "quote",
 "unicode-ident",
]

[[package]]
name = "tempfile"
version = "3.27.0"
source = "registry+https://github.com/rust-lang/crates.io-index"
checksum = "32497e9a4c7b38532efcdebeef879707aa9f794296a4f0244f6f69e9bc8574bd"
dependencies = [
 "fastrand",
 "getrandom",
 "once_cell",
 "rustix",
 "windows-sys",
]

[[package]]
name = "thiserror"
version = "2.0.19"
source = "registry+https://github.com/rust-lang/crates.io-index"
checksum = "09a43598840e33d5b0331f38c5e30d13bb11c11210a4b58f0d9b18a5a5eefcd9"
dependencies = [
 "thiserror-impl",
]

[[package]]
name = "thiserror-impl"
version = "2.0.19"
source = "registry+https://github.com/rust-lang/crates.io-index"
checksum = "43cbfe0cf76104d42a574802844187e84a305e531ed54455f11fbde0f10541cd"
dependencies = [
 "proc-macro2",
 "quote",
 "syn 3.0.3",
]

[[package]]
name = "tinyvec"
version = "1.12.0"
source = "registry+https://github.com/rust-lang/crates.io-index"
checksum = "bb4ebadaa0af04fab11ae01eb5f9fdb5f9c5b875506e210e71c07873528baa7f"
dependencies = [
 "tinyvec_macros",
]

[[package]]
name = "tinyvec_macros"
version = "0.1.1"
source = "registry+https://github.com/rust-lang/crates.io-index"
checksum = "1f3ccbac311fea05f86f61904b462b55fb3df8837a366dfc601a0161d0532f20"

[[package]]
name = "typenum"
version = "1.20.1"
source = "registry+https://github.com/rust-lang/crates.io-index"
checksum = "b6f5e870be6c3b371b77fe0ee0bafb859fa4964b4404c27de1d380043c4dda20"

[[package]]
name = "unicode-bom"
version = "2.0.3"
source = "registry+https://github.com/rust-lang/crates.io-index"
checksum = "7eec5d1121208364f6793f7d2e222bf75a915c19557537745b195b253dd64217"

[[package]]
name = "unicode-ident"
version = "1.0.24"
source = "registry+https://github.com/rust-lang/crates.io-index"
checksum = "e6e4313cd5fcd3dad5cafa179702e2b244f760991f45397d14d4ebf38247da75"

[[package]]
name = "unicode-normalization"
version = "0.1.25"
source = "registry+https://github.com/rust-lang/crates.io-index"
checksum = "5fd4f6878c9cb28d874b009da9e8d183b5abc80117c40bbd187a1fde336be6e8"
dependencies = [
 "tinyvec",
]

[[package]]
name = "utf8parse"
version = "0.2.2"
source = "registry+https://github.com/rust-lang/crates.io-index"
checksum = "06abde3611657adf66d383f00b093d7faecc7fa57071cce2578660c9f1010821"

[[package]]
name = "version_check"
version = "0.9.5"
source = "registry+https://github.com/rust-lang/crates.io-index"
checksum = "0b928f33d975fc6ad9f86c8f283853ad26bdd5b10b7f1542aa2fa15e2289105a"

[[package]]
name = "walkdir"
version = "2.5.0"
source = "registry+https://github.com/rust-lang/crates.io-index"
checksum = "29790946404f91d9c5d06f9874efddea1dc06c5efe94541a7d6863108e3a5e4b"
dependencies = [
 "same-file",
 "winapi-util",
]

[[package]]
name = "winapi-util"
version = "0.1.11"
source = "registry+https://github.com/rust-lang/crates.io-index"
checksum = "c2a7b1c03c876122aa43f3020e6c3c3ee5c05081c9a00739faf7503aeba10d22"
dependencies = [
 "windows-sys",
]

[[package]]
name = "windows-link"
version = "0.2.1"
source = "registry+https://github.com/rust-lang/crates.io-index"
checksum = "f0805222e57f7521d6a62e36fa9163bc891acd422f971defe97d64e70d0a4fe5"

[[package]]
name = "windows-sys"
version = "0.61.2"
source = "registry+https://github.com/rust-lang/crates.io-index"
checksum = "ae137229bcbd6cdf0f7b80a31df61766145077ddf49416a728b02cb3921ff3fc"
dependencies = [
 "windows-link",
]

[[package]]
name = "zlib-rs"
version = "0.6.7"
source = "registry+https://github.com/rust-lang/crates.io-index"
checksum = "34b31d188d9d685a4f9c7b46d6e36631b07058d2cfe190267adce54dc230bf12"
